
Microsoft Visual Studio Solution File, Format Version 12.00
# Visual Studio Version 17
VisualStudioVersion = 17.0.31903.59
MinimumVisualStudioVersion = 10.0.40219.1
Project("{FAE04EC0-301F-11D3-BF4B-00C04F79EFBC}") = "CrudWebApp", "CrudWebApp\CrudWebApp.csproj", "{7F970BDC-0552-4871-B9A1-C5755E55D8AD}"
EndProject
Project("{FAE04EC0-301F-11D3-BF4B-00C04F79EFBC}") = "CrudApi", "CrudApi\CrudApi.csproj", "{86129430-BE8C-41AF-B1BC-AD29B1D6D471}"
EndProject
Project("{FAE04EC0-301F-11D3-BF4B-00C04F79EFBC}") = "CrudApi.Tests", "CrudApi.Tests\CrudApi.Tests.csproj", "{7F0D1E99-BB3C-42A2-8AD3-25E0221D3FBF}"
EndProject
Global
	GlobalSection(SolutionConfigurationPlatforms) = preSolution
		Debug|Any CPU = Debug|Any CPU
		Debug|x64 = Debug|x64
		Debug|x86 = Debug|x86
		Release|Any CPU = Release|Any CPU
		Release|x64 = Release|x64
		Release|x86 = Release|x86
	EndGlobalSection
	GlobalSection(ProjectConfigurationPlatforms) = postSolution
		{7F970BDC-0552-4871-B9A1-C5755E55D8AD}.Debug|Any CPU.ActiveCfg = Debug|Any CPU
		{7F970BDC-0552-4871-B9A1-C5755E55D8AD}.Debug|Any CPU.Build.0 = Debug|Any CPU
		{7F970BDC-0552-4871-B9A1-C5755E55D8AD}.Debug|x64.ActiveCfg = Debug|Any CPU
		{7F970BDC-0552-4871-B9A1-C5755E55D8AD}.Debug|x64.Build.0 = Debug|Any CPU
		{7F970BDC-0552-4871-B9A1-C5755E55D8AD}.Debug|x86.ActiveCfg = Debug|Any CPU
		{7F970BDC-0552-4871-B9A1-C5755E55D8AD}.Debug|x86.Build.0 = Debug|Any CPU
		{7F970BDC-0552-4871-B9A1-C5755E55D8AD}.Release|Any CPU.ActiveCfg = Release|Any CPU
		{7F970BDC-0552-4871-B9A1-C5755E55D8AD}.Release|Any CPU.Build.0 = Release|Any CPU
		{7F970BDC-0552-4871-B9A1-C5755E55D8AD}.Release|x64.ActiveCfg = Release|Any CPU
		{7F970BDC-0552-4871-B9A1-C5755E55D8AD}.Release|x64.Build.0 = Release|Any CPU
		{7F970BDC-0552-4871-B9A1-C5755E55D8AD}.Release|x86.ActiveCfg = Release|Any CPU
		{7F970BDC-0552-4871-B9A1-C5755E55D8AD}.Release|x86.Build.0 = Release|Any CPU
		{86129430-BE8C-41AF-B1BC-AD29B1D6D471}.Debug|Any CPU.ActiveCfg = Debug|Any CPU
		{86129430-BE8C-41AF-B1BC-AD29B1D6D471}.Debug|Any CPU.Build.0 = Debug|Any CPU
		{86129430-BE8C-41AF-B1BC-AD29B1D6D471}.Debug|x64.ActiveCfg = Debug|Any CPU
		{86129430-BE8C-41AF-B1BC-AD29B1D6D471}.Debug|x64.Build.0 = Debug|Any CPU
		{86129430-BE8C-41AF-B1BC-AD29B1D6D471}.Debug|x86.ActiveCfg = Debug|Any CPU
		{86129430-BE8C-41AF-B1BC-AD29B1D6D471}.Debug|x86.Build.0 = Debug|Any CPU
		{86129430-BE8C-41AF-B1BC-AD29B1D6D471}.Release|Any CPU.ActiveCfg = Release|Any CPU
		{86129430-BE8C-41AF-B1BC-AD29B1D6D471}.Release|Any CPU.Build.0 = Release|Any CPU
		{86129430-BE8C-41AF-B1BC-AD29B1D6D471}.Release|x64.ActiveCfg = Release|Any CPU
		{86129430-BE8C-41AF-B1BC-AD29B1D6D471}.Release|x64.Build.0 = Release|Any CPU
		{86129430-BE8C-41AF-B1BC-AD29B1D6D471}.Release|x86.ActiveCfg = Release|Any CPU
		{86129430-BE8C-41AF-B1BC-AD29B1D6D471}.Release|x86.Build.0 = Release|Any CPU
		{7F0D1E99-BB3C-42A2-8AD3-25E0221D3FBF}.Debug|Any CPU.ActiveCfg = Debug|Any CPU
		{7F0D1E99-BB3C-42A2-8AD3-25E0221D3FBF}.Debug|Any CPU.Build.0 = Debug|Any CPU
		{7F0D1E99-BB3C-42A2-8AD3-25E0221D3FBF}.Debug|x64.ActiveCfg = Debug|Any CPU
		{7F0D1E99-BB3C-42A2-8AD3-25E0221D3FBF}.Debug|x64.Build.0 = Debug|Any CPU
		{7F0D1E99-BB3C-42A2-8AD3-25E0221D3FBF}.Debug|x86.ActiveCfg = Debug|Any CPU
		{7F0D1E99-BB3C-42A2-8AD3-25E0221D3FBF}.Debug|x86.Build.0 = Debug|Any CPU
		{7F0D1E99-BB3C-42A2-8AD3-25E0221D3FBF}.Release|Any CPU.ActiveCfg = Release|Any CPU
		{7F0D1E99-BB3C-42A2-8AD3-25E0221D3FBF}.Release|Any CPU.Build.0 = Release|Any CPU
		{7F0D1E99-BB3C-42A2-8AD3-25E0221D3FBF}.Release|x64.ActiveCfg = Release|Any CPU
		{7F0D1E99-BB3C-42A2-8AD3-25E0221D3FBF}.Release|x64.Build.0 = Release|Any CPU
		{7F0D1E99-BB3C-42A2-8AD3-25E0221D3FBF}.Release|x86.ActiveCfg = Release|Any CPU
		{7F0D1E99-BB3C-42A2-8AD3-25E0221D3FBF}.Release|x86.Build.0 = Release|Any CPU
	EndGlobalSection
	GlobalSection(SolutionProperties) = preSolution
		HideSolutionNode = FALSE
	EndGlobalSection
EndGlobal
